
Microsoft Visual Studio Solution File, Format Version 12.00
# Visual Studio Version 17
VisualStudioVersion = 17.0.32014.148
MinimumVisualStudioVersion = 10.0.40219.1
Project("{FAE04EC0-301F-11D3-BF4B-00C04F79EFBC}") = "PosgtreSQLTest", "PosgtreSQLTest\PosgtreSQLTest.csproj", "{ECC4D284-9A4A-4EDD-876C-493F9C32C388}"
EndProject
Global
	GlobalSection(SolutionConfigurationPlatforms) = preSolution
		Debug|Any CPU = Debug|Any CPU
		Release|Any CPU = Release|Any CPU
	EndGlobalSection
	GlobalSection(ProjectConfigurationPlatforms) = postSolution
		{ECC4D284-9A4A-4EDD-876C-493F9C32C388}.Debug|Any CPU.ActiveCfg = Debug|Any CPU
		{ECC4D284-9A4A-4EDD-876C-493F9C32C388}.Debug|Any CPU.Build.0 = Debug|Any CPU
		{ECC4D284-9A4A-4EDD-876C-493F9C32C388}.Release|Any CPU.ActiveCfg = Release|Any CPU
		{ECC4D284-9A4A-4EDD-876C-493F9C32C388}.Release|Any CPU.Build.0 = Release|Any CPU
	EndGlobalSection
	GlobalSection(SolutionProperties) = preSolution
		HideSolutionNode = FALSE
	EndGlobalSection
	GlobalSection(ExtensibilityGlobals) = postSolution
		SolutionGuid = {C23D9A7A-452D-42CC-BF7C-1127AF0BD1BE}
	EndGlobalSection
EndGlobal
